
Microsoft Visual Studio Solution File, Format Version 12.00
# Visual Studio Version 16
VisualStudioVersion = 16.0.29411.108
MinimumVisualStudioVersion = 10.0.40219.1
Project("{FAE04EC0-301F-11D3-BF4B-00C04F79EFBC}") = "WebBrowser", "WebBrowser\WebBrowser.csproj", "{5A26D7F6-BFB4-489E-9917-E13B303A6730}"
EndProject
Global
	GlobalSection(SolutionConfigurationPlatforms) = preSolution
		Debug|Any CPU = Debug|Any CPU
		Release|Any CPU = Release|Any CPU
	EndGlobalSection
	GlobalSection(ProjectConfigurationPlatforms) = postSolution
		{5A26D7F6-BFB4-489E-9917-E13B303A6730}.Debug|Any CPU.ActiveCfg = Debug|Any CPU
		{5A26D7F6-BFB4-489E-9917-E13B303A6730}.Debug|Any CPU.Build.0 = Debug|Any CPU
		{5A26D7F6-BFB4-489E-9917-E13B303A6730}.Release|Any CPU.ActiveCfg = Release|Any CPU
		{5A26D7F6-BFB4-489E-9917-E13B303A6730}.Release|Any CPU.Build.0 = Release|Any CPU
	EndGlobalSection
	GlobalSection(SolutionProperties) = preSolution
		HideSolutionNode = FALSE
	EndGlobalSection
	GlobalSection(ExtensibilityGlobals) = postSolution
		SolutionGuid = {3E865208-BE03-4E52-9E06-8802A8CE7B70}
	EndGlobalSection
EndGlobal
